
Microsoft Visual Studio Solution File, Format Version 10.00
# Visual Studio 2008
Project("{8BC9CEB8-8B4A-11D0-8D11-00A0C91BC942}") = "VC1602", "VC1602\VC1602.vcproj", "{79CC19A6-901F-4915-8862-2A510EB4BA62}"
EndProject
Global
	GlobalSection(SolutionConfigurationPlatforms) = preSolution
		Debug|Win32 = Debug|Win32
		Release|Win32 = Release|Win32
	EndGlobalSection
	GlobalSection(ProjectConfigurationPlatforms) = postSolution
		{79CC19A6-901F-4915-8862-2A510EB4BA62}.Debug|Win32.ActiveCfg = Debug|Win32
		{79CC19A6-901F-4915-8862-2A510EB4BA62}.Debug|Win32.Build.0 = Debug|Win32
		{79CC19A6-901F-4915-8862-2A510EB4BA62}.Release|Win32.ActiveCfg = Release|Win32
		{79CC19A6-901F-4915-8862-2A510EB4BA62}.Release|Win32.Build.0 = Release|Win32
	EndGlobalSection
	GlobalSection(SolutionProperties) = preSolution
		HideSolutionNode = FALSE
	EndGlobalSection
EndGlobal
