
Microsoft Visual Studio Solution File, Format Version 10.00
# Visual Studio 2008
Project("{8BC9CEB8-8B4A-11D0-8D11-00A0C91BC942}") = "VC1605", "VC1605\VC1605.vcproj", "{E048BFF4-62C9-4762-9ACE-3B196054E579}"
EndProject
Global
	GlobalSection(SolutionConfigurationPlatforms) = preSolution
		Debug|Win32 = Debug|Win32
		Release|Win32 = Release|Win32
	EndGlobalSection
	GlobalSection(ProjectConfigurationPlatforms) = postSolution
		{E048BFF4-62C9-4762-9ACE-3B196054E579}.Debug|Win32.ActiveCfg = Debug|Win32
		{E048BFF4-62C9-4762-9ACE-3B196054E579}.Debug|Win32.Build.0 = Debug|Win32
		{E048BFF4-62C9-4762-9ACE-3B196054E579}.Release|Win32.ActiveCfg = Release|Win32
		{E048BFF4-62C9-4762-9ACE-3B196054E579}.Release|Win32.Build.0 = Release|Win32
	EndGlobalSection
	GlobalSection(SolutionProperties) = preSolution
		HideSolutionNode = FALSE
	EndGlobalSection
EndGlobal
